
Microsoft Visual Studio Solution File, Format Version 12.00
# Visual Studio 2012
Project("{FAE04EC0-301F-11D3-BF4B-00C04F79EFBC}") = "UpdateSVG", "UpdateSVG\UpdateSVG.csproj", "{F4C64EE9-99DA-40CB-A6BE-1AB410448AB8}"
EndProject
Global
	GlobalSection(SolutionConfigurationPlatforms) = preSolution
		Debug|Any CPU = Debug|Any CPU
		Release|Any CPU = Release|Any CPU
	EndGlobalSection
	GlobalSection(ProjectConfigurationPlatforms) = postSolution
		{F4C64EE9-99DA-40CB-A6BE-1AB410448AB8}.Debug|Any CPU.ActiveCfg = Debug|Any CPU
		{F4C64EE9-99DA-40CB-A6BE-1AB410448AB8}.Debug|Any CPU.Build.0 = Debug|Any CPU
		{F4C64EE9-99DA-40CB-A6BE-1AB410448AB8}.Release|Any CPU.ActiveCfg = Release|Any CPU
		{F4C64EE9-99DA-40CB-A6BE-1AB410448AB8}.Release|Any CPU.Build.0 = Release|Any CPU
	EndGlobalSection
	GlobalSection(SolutionProperties) = preSolution
		HideSolutionNode = FALSE
	EndGlobalSection
EndGlobal
